
Microsoft Visual Studio Solution File, Format Version 12.00
# Visual Studio Version 17
VisualStudioVersion = 17.10.34916.146
MinimumVisualStudioVersion = 10.0.40219.1
Project("{FAE04EC0-301F-11D3-BF4B-00C04F79EFBC}") = "WinFormsApp2", "WinFormsApp2.csproj", "{1097A972-C209-447A-9B04-C52D917C57CA}"
EndProject
Global
	GlobalSection(SolutionConfigurationPlatforms) = preSolution
		Debug|Any CPU = Debug|Any CPU
		Release|Any CPU = Release|Any CPU
	EndGlobalSection
	GlobalSection(ProjectConfigurationPlatforms) = postSolution
		{1097A972-C209-447A-9B04-C52D917C57CA}.Debug|Any CPU.ActiveCfg = Debug|Any CPU
		{1097A972-C209-447A-9B04-C52D917C57CA}.Debug|Any CPU.Build.0 = Debug|Any CPU
		{1097A972-C209-447A-9B04-C52D917C57CA}.Release|Any CPU.ActiveCfg = Release|Any CPU
		{1097A972-C209-447A-9B04-C52D917C57CA}.Release|Any CPU.Build.0 = Release|Any CPU
	EndGlobalSection
	GlobalSection(SolutionProperties) = preSolution
		HideSolutionNode = FALSE
	EndGlobalSection
	GlobalSection(ExtensibilityGlobals) = postSolution
		SolutionGuid = {34B4B919-342D-47DB-8007-B2E0323861F1}
	EndGlobalSection
EndGlobal
